
Microsoft Visual Studio Solution File, Format Version 12.00
# Visual Studio Version 17
VisualStudioVersion = 17.0.31903.59
MinimumVisualStudioVersion = 10.0.40219.1
Project("{2150E333-8FDC-42A3-9474-1A3956D46DE8}") = "src", "src", "{827E0CD3-B72D-47B6-A68D-7590B98EB39B}"
EndProject
Project("{2150E333-8FDC-42A3-9474-1A3956D46DE8}") = "Services", "Services", "{984BB9B3-3FA3-BE33-9484-CAC21695A33C}"
EndProject
Project("{2150E333-8FDC-42A3-9474-1A3956D46DE8}") = "Catalog", "Catalog", "{C91C1CF1-1625-0789-F869-53D87D6277BA}"
EndProject
Project("{FAE04EC0-301F-11D3-BF4B-00C04F79EFBC}") = "Catalog.API", "src\Services\Catalog\Catalog.API\Catalog.API.csproj", "{D9D5E91E-B1FB-49E1-B1C5-C761FE9629AD}"
EndProject
Project("{FAE04EC0-301F-11D3-BF4B-00C04F79EFBC}") = "Catalog.Application", "src\Services\Catalog\Catalog.Application\Catalog.Application.csproj", "{CD82CF45-6C7E-4770-970C-A3B73AB7267A}"
EndProject
Project("{FAE04EC0-301F-11D3-BF4B-00C04F79EFBC}") = "Catalog.Domain", "src\Services\Catalog\Catalog.Domain\Catalog.Domain.csproj", "{C530EAC4-B66A-4A8A-B3E5-F2E1E58E60B1}"
EndProject
Project("{FAE04EC0-301F-11D3-BF4B-00C04F79EFBC}") = "Catalog.Infrastructure", "src\Services\Catalog\Catalog.Infrastructure\Catalog.Infrastructure.csproj", "{76E6F8DD-2E4E-4E5F-B1AA-F0BA80D318C2}"
EndProject
Project("{2150E333-8FDC-42A3-9474-1A3956D46DE8}") = "Элементы решения", "Элементы решения", "{754FC069-D67B-A9D7-50A1-8D1CA196D8F1}"
	ProjectSection(SolutionItems) = preProject
		docker-compose-dev.yaml = docker-compose-dev.yaml
	EndProjectSection
EndProject
Global
	GlobalSection(SolutionConfigurationPlatforms) = preSolution
		Debug|Any CPU = Debug|Any CPU
		Debug|x64 = Debug|x64
		Debug|x86 = Debug|x86
		Release|Any CPU = Release|Any CPU
		Release|x64 = Release|x64
		Release|x86 = Release|x86
	EndGlobalSection
	GlobalSection(ProjectConfigurationPlatforms) = postSolution
		{D9D5E91E-B1FB-49E1-B1C5-C761FE9629AD}.Debug|Any CPU.ActiveCfg = Debug|Any CPU
		{D9D5E91E-B1FB-49E1-B1C5-C761FE9629AD}.Debug|Any CPU.Build.0 = Debug|Any CPU
		{D9D5E91E-B1FB-49E1-B1C5-C761FE9629AD}.Debug|x64.ActiveCfg = Debug|Any CPU
		{D9D5E91E-B1FB-49E1-B1C5-C761FE9629AD}.Debug|x64.Build.0 = Debug|Any CPU
		{D9D5E91E-B1FB-49E1-B1C5-C761FE9629AD}.Debug|x86.ActiveCfg = Debug|Any CPU
		{D9D5E91E-B1FB-49E1-B1C5-C761FE9629AD}.Debug|x86.Build.0 = Debug|Any CPU
		{D9D5E91E-B1FB-49E1-B1C5-C761FE9629AD}.Release|Any CPU.ActiveCfg = Release|Any CPU
		{D9D5E91E-B1FB-49E1-B1C5-C761FE9629AD}.Release|Any CPU.Build.0 = Release|Any CPU
		{D9D5E91E-B1FB-49E1-B1C5-C761FE9629AD}.Release|x64.ActiveCfg = Release|Any CPU
		{D9D5E91E-B1FB-49E1-B1C5-C761FE9629AD}.Release|x64.Build.0 = Release|Any CPU
		{D9D5E91E-B1FB-49E1-B1C5-C761FE9629AD}.Release|x86.ActiveCfg = Release|Any CPU
		{D9D5E91E-B1FB-49E1-B1C5-C761FE9629AD}.Release|x86.Build.0 = Release|Any CPU
		{CD82CF45-6C7E-4770-970C-A3B73AB7267A}.Debug|Any CPU.ActiveCfg = Debug|Any CPU
		{CD82CF45-6C7E-4770-970C-A3B73AB7267A}.Debug|Any CPU.Build.0 = Debug|Any CPU
		{CD82CF45-6C7E-4770-970C-A3B73AB7267A}.Debug|x64.ActiveCfg = Debug|Any CPU
		{CD82CF45-6C7E-4770-970C-A3B73AB7267A}.Debug|x64.Build.0 = Debug|Any CPU
		{CD82CF45-6C7E-4770-970C-A3B73AB7267A}.Debug|x86.ActiveCfg = Debug|Any CPU
		{CD82CF45-6C7E-4770-970C-A3B73AB7267A}.Debug|x86.Build.0 = Debug|Any CPU
		{CD82CF45-6C7E-4770-970C-A3B73AB7267A}.Release|Any CPU.ActiveCfg = Release|Any CPU
		{CD82CF45-6C7E-4770-970C-A3B73AB7267A}.Release|Any CPU.Build.0 = Release|Any CPU
		{CD82CF45-6C7E-4770-970C-A3B73AB7267A}.Release|x64.ActiveCfg = Release|Any CPU
		{CD82CF45-6C7E-4770-970C-A3B73AB7267A}.Release|x64.Build.0 = Release|Any CPU
		{CD82CF45-6C7E-4770-970C-A3B73AB7267A}.Release|x86.ActiveCfg = Release|Any CPU
		{CD82CF45-6C7E-4770-970C-A3B73AB7267A}.Release|x86.Build.0 = Release|Any CPU
		{C530EAC4-B66A-4A8A-B3E5-F2E1E58E60B1}.Debug|Any CPU.ActiveCfg = Debug|Any CPU
		{C530EAC4-B66A-4A8A-B3E5-F2E1E58E60B1}.Debug|Any CPU.Build.0 = Debug|Any CPU
		{C530EAC4-B66A-4A8A-B3E5-F2E1E58E60B1}.Debug|x64.ActiveCfg = Debug|Any CPU
		{C530EAC4-B66A-4A8A-B3E5-F2E1E58E60B1}.Debug|x64.Build.0 = Debug|Any CPU
		{C530EAC4-B66A-4A8A-B3E5-F2E1E58E60B1}.Debug|x86.ActiveCfg = Debug|Any CPU
		{C530EAC4-B66A-4A8A-B3E5-F2E1E58E60B1}.Debug|x86.Build.0 = Debug|Any CPU
		{C530EAC4-B66A-4A8A-B3E5-F2E1E58E60B1}.Release|Any CPU.ActiveCfg = Release|Any CPU
		{C530EAC4-B66A-4A8A-B3E5-F2E1E58E60B1}.Release|Any CPU.Build.0 = Release|Any CPU
		{C530EAC4-B66A-4A8A-B3E5-F2E1E58E60B1}.Release|x64.ActiveCfg = Release|Any CPU
		{C530EAC4-B66A-4A8A-B3E5-F2E1E58E60B1}.Release|x64.Build.0 = Release|Any CPU
		{C530EAC4-B66A-4A8A-B3E5-F2E1E58E60B1}.Release|x86.ActiveCfg = Release|Any CPU
		{C530EAC4-B66A-4A8A-B3E5-F2E1E58E60B1}.Release|x86.Build.0 = Release|Any CPU
		{76E6F8DD-2E4E-4E5F-B1AA-F0BA80D318C2}.Debug|Any CPU.ActiveCfg = Debug|Any CPU
		{76E6F8DD-2E4E-4E5F-B1AA-F0BA80D318C2}.Debug|Any CPU.Build.0 = Debug|Any CPU
		{76E6F8DD-2E4E-4E5F-B1AA-F0BA80D318C2}.Debug|x64.ActiveCfg = Debug|Any CPU
		{76E6F8DD-2E4E-4E5F-B1AA-F0BA80D318C2}.Debug|x64.Build.0 = Debug|Any CPU
		{76E6F8DD-2E4E-4E5F-B1AA-F0BA80D318C2}.Debug|x86.ActiveCfg = Debug|Any CPU
		{76E6F8DD-2E4E-4E5F-B1AA-F0BA80D318C2}.Debug|x86.Build.0 = Debug|Any CPU
		{76E6F8DD-2E4E-4E5F-B1AA-F0BA80D318C2}.Release|Any CPU.ActiveCfg = Release|Any CPU
		{76E6F8DD-2E4E-4E5F-B1AA-F0BA80D318C2}.Release|Any CPU.Build.0 = Release|Any CPU
		{76E6F8DD-2E4E-4E5F-B1AA-F0BA80D318C2}.Release|x64.ActiveCfg = Release|Any CPU
		{76E6F8DD-2E4E-4E5F-B1AA-F0BA80D318C2}.Release|x64.Build.0 = Release|Any CPU
		{76E6F8DD-2E4E-4E5F-B1AA-F0BA80D318C2}.Release|x86.ActiveCfg = Release|Any CPU
		{76E6F8DD-2E4E-4E5F-B1AA-F0BA80D318C2}.Release|x86.Build.0 = Release|Any CPU
	EndGlobalSection
	GlobalSection(SolutionProperties) = preSolution
		HideSolutionNode = FALSE
	EndGlobalSection
	GlobalSection(NestedProjects) = preSolution
		{984BB9B3-3FA3-BE33-9484-CAC21695A33C} = {827E0CD3-B72D-47B6-A68D-7590B98EB39B}
		{C91C1CF1-1625-0789-F869-53D87D6277BA} = {984BB9B3-3FA3-BE33-9484-CAC21695A33C}
		{D9D5E91E-B1FB-49E1-B1C5-C761FE9629AD} = {C91C1CF1-1625-0789-F869-53D87D6277BA}
		{CD82CF45-6C7E-4770-970C-A3B73AB7267A} = {C91C1CF1-1625-0789-F869-53D87D6277BA}
		{C530EAC4-B66A-4A8A-B3E5-F2E1E58E60B1} = {C91C1CF1-1625-0789-F869-53D87D6277BA}
		{76E6F8DD-2E4E-4E5F-B1AA-F0BA80D318C2} = {C91C1CF1-1625-0789-F869-53D87D6277BA}
	EndGlobalSection
	GlobalSection(ExtensibilityGlobals) = postSolution
		SolutionGuid = {971B9611-FA3D-4898-AB1F-976667EE2DF9}
	EndGlobalSection
EndGlobal
